
Microsoft Visual Studio Solution File, Format Version 12.00
# Visual Studio Version 17
VisualStudioVersion = 17.7.34221.43
MinimumVisualStudioVersion = 10.0.40219.1
Project("{FAE04EC0-301F-11D3-BF4B-00C04F79EFBC}") = "prOneEF", "prOneEF.csproj", "{F9B726C0-6E37-43DE-9A2F-514E7CE7EB92}"
EndProject
Global
	GlobalSection(SolutionConfigurationPlatforms) = preSolution
		Debug|Any CPU = Debug|Any CPU
		Release|Any CPU = Release|Any CPU
	EndGlobalSection
	GlobalSection(ProjectConfigurationPlatforms) = postSolution
		{F9B726C0-6E37-43DE-9A2F-514E7CE7EB92}.Debug|Any CPU.ActiveCfg = Debug|Any CPU
		{F9B726C0-6E37-43DE-9A2F-514E7CE7EB92}.Debug|Any CPU.Build.0 = Debug|Any CPU
		{F9B726C0-6E37-43DE-9A2F-514E7CE7EB92}.Release|Any CPU.ActiveCfg = Release|Any CPU
		{F9B726C0-6E37-43DE-9A2F-514E7CE7EB92}.Release|Any CPU.Build.0 = Release|Any CPU
	EndGlobalSection
	GlobalSection(SolutionProperties) = preSolution
		HideSolutionNode = FALSE
	EndGlobalSection
	GlobalSection(ExtensibilityGlobals) = postSolution
		SolutionGuid = {BE04E65A-3557-4EB8-8A02-F4FA1ADC1C79}
	EndGlobalSection
EndGlobal
